// !$*UTF8*$!
{
	archiveVersion = 1;
	classes = {
	};
	objectVersion = 42;
	objects = {

/* Begin PBXBuildFile section */
		2A7772AE0BE6389300A9D493 /* IllustratorSDK.cpp in Sources */ = {isa = PBXBuildFile; fileRef = 2A7772AD0BE6389300A9D493 /* IllustratorSDK.cpp */; };
		2AE97DE10BBC21630041212F /* FindReplaceGraphics.cpp in Sources */ = {isa = PBXBuildFile; fileRef = 2AE97DE00BBC21630041212F /* FindReplaceGraphics.cpp */; };
		2AE97DE30BBC218A0041212F /* FindReplaceGraphics.r in Rez */ = {isa = PBXBuildFile; fileRef = 2AE97DE20BBC218A0041212F /* FindReplaceGraphics.r */; };
		6EE2BA9D0A41E04500CC7CE2 /* Carbon.framework in Frameworks */ = {isa = PBXBuildFile; fileRef = 6EE2BA9B0A41E04500CC7CE2 /* Carbon.framework */; };
		DC06ACE710AC88EC00B6F9B3 /* ColorFuncs.h in Headers */ = {isa = PBXBuildFile; fileRef = DC06ACE510AC88EC00B6F9B3 /* ColorFuncs.h */; };
		DC06ACE810AC88EC00B6F9B3 /* ColorFuncs.cpp in Sources */ = {isa = PBXBuildFile; fileRef = DC06ACE610AC88EC00B6F9B3 /* ColorFuncs.cpp */; };
		DC3479110FBCA84C0098524C /* pluginHandler.cpp in Sources */ = {isa = PBXBuildFile; fileRef = DC3479100FBCA84C0098524C /* pluginHandler.cpp */; };
		DC69B6590FF00FAC0065D79E /* adjustColor.cpp in Sources */ = {isa = PBXBuildFile; fileRef = DC69B6580FF00FAC0065D79E /* adjustColor.cpp */; };
		DC7E146F10D2D45F001C6168 /* populateDialog.h in Headers */ = {isa = PBXBuildFile; fileRef = DC7E146D10D2D45F001C6168 /* populateDialog.h */; };
		DC7E147010D2D45F001C6168 /* populateDialog.cpp in Sources */ = {isa = PBXBuildFile; fileRef = DC7E146E10D2D45F001C6168 /* populateDialog.cpp */; };
		DC81B6D5116A526000682C66 /* PrefPathCheck.h in Headers */ = {isa = PBXBuildFile; fileRef = DC81B6D3116A526000682C66 /* PrefPathCheck.h */; };
		DC81B6D6116A526000682C66 /* PrefPathCheck.cpp in Sources */ = {isa = PBXBuildFile; fileRef = DC81B6D4116A526000682C66 /* PrefPathCheck.cpp */; };
		DC81B6D8116A526400682C66 /* IAIFilePath.cpp in Sources */ = {isa = PBXBuildFile; fileRef = DC81B6D7116A526400682C66 /* IAIFilePath.cpp */; };
		DC93C8AC0FC32D03003DE0C7 /* FindReplaceGraphics.h in Headers */ = {isa = PBXBuildFile; fileRef = DC93C8AB0FC32D03003DE0C7 /* FindReplaceGraphics.h */; };
		DC979EBD112D9E3B0088568F /* IText.cpp in Sources */ = {isa = PBXBuildFile; fileRef = DC979EBC112D9E3B0088568F /* IText.cpp */; };
		DC979EE6112D9E670088568F /* IThrowException.cpp in Sources */ = {isa = PBXBuildFile; fileRef = DC979EE5112D9E670088568F /* IThrowException.cpp */; };
		DCF1A76E0FBDE84B008E626C /* notifierHandler.cpp in Sources */ = {isa = PBXBuildFile; fileRef = DCF1A76D0FBDE84B008E626C /* notifierHandler.cpp */; };
		DCF1A7820FBDEA23008E626C /* menuHandler.cpp in Sources */ = {isa = PBXBuildFile; fileRef = DCF1A7810FBDEA23008E626C /* menuHandler.cpp */; };
		DCF1A7C70FBDEF83008E626C /* shellMain.cpp in Sources */ = {isa = PBXBuildFile; fileRef = DCF1A7C60FBDEF83008E626C /* shellMain.cpp */; };
		DCF1A7FC0FBDF044008E626C /* SDKAboutPluginsHelper.cpp in Sources */ = {isa = PBXBuildFile; fileRef = DCF1A7FB0FBDF044008E626C /* SDKAboutPluginsHelper.cpp */; };
		DCF1A7FE0FBDF05E008E626C /* reportError.cpp in Sources */ = {isa = PBXBuildFile; fileRef = DCF1A7FD0FBDF05E008E626C /* reportError.cpp */; };
		DCF1A8000FBDF062008E626C /* About.cpp in Sources */ = {isa = PBXBuildFile; fileRef = DCF1A7FF0FBDF062008E626C /* About.cpp */; };
		DCF1A8020FBDF06C008E626C /* stringUtils.cpp in Sources */ = {isa = PBXBuildFile; fileRef = DCF1A8010FBDF06C008E626C /* stringUtils.cpp */; };
		DCF1A8040FBDF094008E626C /* IAIUnicodeString.cpp in Sources */ = {isa = PBXBuildFile; fileRef = DCF1A8030FBDF094008E626C /* IAIUnicodeString.cpp */; };
		DCF1A8200FBDF1AF008E626C /* ADMNonModalDialogID.h in Headers */ = {isa = PBXBuildFile; fileRef = DCF1A81F0FBDF1AF008E626C /* ADMNonModalDialogID.h */; };
		DCF1A8220FBDF1FC008E626C /* SnippetRunnerParameter.h in Headers */ = {isa = PBXBuildFile; fileRef = DCF1A8210FBDF1FC008E626C /* SnippetRunnerParameter.h */; };
		DCF1A8240FBDF213008E626C /* Common.h in Headers */ = {isa = PBXBuildFile; fileRef = DCF1A8230FBDF213008E626C /* Common.h */; };
		DCF1A8260FBDF229008E626C /* Suites.h in Headers */ = {isa = PBXBuildFile; fileRef = DCF1A8250FBDF229008E626C /* Suites.h */; };
/* End PBXBuildFile section */

/* Begin PBXFileReference section */
		2A7772AD0BE6389300A9D493 /* IllustratorSDK.cpp */ = {isa = PBXFileReference; fileEncoding = 30; lastKnownFileType = sourcecode.cpp.cpp; name = IllustratorSDK.cpp; path = ../common/source/IllustratorSDK.cpp; sourceTree = SOURCE_ROOT; };
		2AE97DE00BBC21630041212F /* FindReplaceGraphics.cpp */ = {isa = PBXFileReference; fileEncoding = 4; lastKnownFileType = sourcecode.cpp.cpp; name = FindReplaceGraphics.cpp; path = Source/FindReplaceGraphics.cpp; sourceTree = "<group>"; };
		2AE97DE20BBC218A0041212F /* FindReplaceGraphics.r */ = {isa = PBXFileReference; fileEncoding = 4; lastKnownFileType = sourcecode.rez; name = FindReplaceGraphics.r; path = Resources/FindReplaceGraphics.r; sourceTree = "<group>"; };
		6E0C51960A8B6CC600C9A14A /* Info.plist */ = {isa = PBXFileReference; fileEncoding = 30; lastKnownFileType = text.xml; name = Info.plist; path = ../common/mac/Info.plist; sourceTree = SOURCE_ROOT; };
		6EE2BA530A40BB2600CC7CE2 /* FindReplaceGraphics.aip */ = {isa = PBXFileReference; explicitFileType = wrapper.cfbundle; includeInIndex = 0; path = FindReplaceGraphics.aip; sourceTree = BUILT_PRODUCTS_DIR; };
		6EE2BA9B0A41E04500CC7CE2 /* Carbon.framework */ = {isa = PBXFileReference; lastKnownFileType = wrapper.framework; name = Carbon.framework; path = /System/Library/Frameworks/Carbon.framework; sourceTree = "<absolute>"; };
		DC06ACE510AC88EC00B6F9B3 /* ColorFuncs.h */ = {isa = PBXFileReference; fileEncoding = 4; lastKnownFileType = sourcecode.c.h; name = ColorFuncs.h; path = "../common/My Custom Headers/ColorFuncs.h"; sourceTree = SOURCE_ROOT; };
		DC06ACE610AC88EC00B6F9B3 /* ColorFuncs.cpp */ = {isa = PBXFileReference; fileEncoding = 4; lastKnownFileType = sourcecode.cpp.cpp; name = ColorFuncs.cpp; path = "../common/My Custom Headers/ColorFuncs.cpp"; sourceTree = SOURCE_ROOT; };
		DC3479100FBCA84C0098524C /* pluginHandler.cpp */ = {isa = PBXFileReference; fileEncoding = 4; lastKnownFileType = sourcecode.cpp.cpp; name = pluginHandler.cpp; path = Source/pluginHandler.cpp; sourceTree = "<group>"; };
		DC69B6580FF00FAC0065D79E /* adjustColor.cpp */ = {isa = PBXFileReference; fileEncoding = 4; lastKnownFileType = sourcecode.cpp.cpp; name = adjustColor.cpp; path = Source/adjustColor.cpp; sourceTree = "<group>"; };
		DC7E146D10D2D45F001C6168 /* populateDialog.h */ = {isa = PBXFileReference; fileEncoding = 4; lastKnownFileType = sourcecode.c.h; path = populateDialog.h; sourceTree = "<group>"; };
		DC7E146E10D2D45F001C6168 /* populateDialog.cpp */ = {isa = PBXFileReference; fileEncoding = 4; lastKnownFileType = sourcecode.cpp.cpp; path = populateDialog.cpp; sourceTree = "<group>"; };
		DC81B6D3116A526000682C66 /* PrefPathCheck.h */ = {isa = PBXFileReference; fileEncoding = 4; lastKnownFileType = sourcecode.c.h; name = PrefPathCheck.h; path = "../common/My Custom Headers/PrefPathCheck.h"; sourceTree = SOURCE_ROOT; };
		DC81B6D4116A526000682C66 /* PrefPathCheck.cpp */ = {isa = PBXFileReference; fileEncoding = 4; lastKnownFileType = sourcecode.cpp.cpp; name = PrefPathCheck.cpp; path = "../common/My Custom Headers/PrefPathCheck.cpp"; sourceTree = SOURCE_ROOT; };
		DC81B6D7116A526400682C66 /* IAIFilePath.cpp */ = {isa = PBXFileReference; fileEncoding = 4; lastKnownFileType = sourcecode.cpp.cpp; name = IAIFilePath.cpp; path = ../../illustratorapi/illustrator/IAIFilePath.cpp; sourceTree = SOURCE_ROOT; };
		DC93C8AB0FC32D03003DE0C7 /* FindReplaceGraphics.h */ = {isa = PBXFileReference; fileEncoding = 4; lastKnownFileType = sourcecode.c.h; name = FindReplaceGraphics.h; path = Source/FindReplaceGraphics.h; sourceTree = "<group>"; };
		DC979EBC112D9E3B0088568F /* IText.cpp */ = {isa = PBXFileReference; fileEncoding = 4; lastKnownFileType = sourcecode.cpp.cpp; name = IText.cpp; path = ../../illustratorapi/ate/IText.cpp; sourceTree = SOURCE_ROOT; };
		DC979EE5112D9E670088568F /* IThrowException.cpp */ = {isa = PBXFileReference; fileEncoding = 4; lastKnownFileType = sourcecode.cpp.cpp; name = IThrowException.cpp; path = ../../illustratorapi/ate/IThrowException.cpp; sourceTree = SOURCE_ROOT; };
		DCF1A76D0FBDE84B008E626C /* notifierHandler.cpp */ = {isa = PBXFileReference; fileEncoding = 4; lastKnownFileType = sourcecode.cpp.cpp; name = notifierHandler.cpp; path = Source/notifierHandler.cpp; sourceTree = "<group>"; };
		DCF1A7810FBDEA23008E626C /* menuHandler.cpp */ = {isa = PBXFileReference; fileEncoding = 4; lastKnownFileType = sourcecode.cpp.cpp; name = menuHandler.cpp; path = Source/menuHandler.cpp; sourceTree = "<group>"; };
		DCF1A7C60FBDEF83008E626C /* shellMain.cpp */ = {isa = PBXFileReference; fileEncoding = 4; lastKnownFileType = sourcecode.cpp.cpp; name = shellMain.cpp; path = Source/shellMain.cpp; sourceTree = "<group>"; };
		DCF1A7FB0FBDF044008E626C /* SDKAboutPluginsHelper.cpp */ = {isa = PBXFileReference; fileEncoding = 4; lastKnownFileType = sourcecode.cpp.cpp; name = SDKAboutPluginsHelper.cpp; path = ../common/source/SDKAboutPluginsHelper.cpp; sourceTree = SOURCE_ROOT; };
		DCF1A7FD0FBDF05E008E626C /* reportError.cpp */ = {isa = PBXFileReference; fileEncoding = 4; lastKnownFileType = sourcecode.cpp.cpp; name = reportError.cpp; path = ../common/source/reportError.cpp; sourceTree = SOURCE_ROOT; };
		DCF1A7FF0FBDF062008E626C /* About.cpp */ = {isa = PBXFileReference; fileEncoding = 4; lastKnownFileType = sourcecode.cpp.cpp; name = About.cpp; path = ../common/source/About.cpp; sourceTree = SOURCE_ROOT; };
		DCF1A8010FBDF06C008E626C /* stringUtils.cpp */ = {isa = PBXFileReference; fileEncoding = 4; lastKnownFileType = sourcecode.cpp.cpp; name = stringUtils.cpp; path = ../common/source/stringUtils.cpp; sourceTree = SOURCE_ROOT; };
		DCF1A8030FBDF094008E626C /* IAIUnicodeString.cpp */ = {isa = PBXFileReference; fileEncoding = 4; lastKnownFileType = sourcecode.cpp.cpp; name = IAIUnicodeString.cpp; path = ../../illustratorapi/illustrator/IAIUnicodeString.cpp; sourceTree = SOURCE_ROOT; };
		DCF1A81F0FBDF1AF008E626C /* ADMNonModalDialogID.h */ = {isa = PBXFileReference; fileEncoding = 4; lastKnownFileType = sourcecode.c.h; name = ADMNonModalDialogID.h; path = Source/ADMNonModalDialogID.h; sourceTree = "<group>"; };
		DCF1A8210FBDF1FC008E626C /* SnippetRunnerParameter.h */ = {isa = PBXFileReference; fileEncoding = 4; lastKnownFileType = sourcecode.c.h; name = SnippetRunnerParameter.h; path = ../SnippetRunner/Source/SnippetRunnerParameter.h; sourceTree = SOURCE_ROOT; };
		DCF1A8230FBDF213008E626C /* Common.h */ = {isa = PBXFileReference; fileEncoding = 4; lastKnownFileType = sourcecode.c.h; name = Common.h; path = Source/Common.h; sourceTree = "<group>"; };
		DCF1A8250FBDF229008E626C /* Suites.h */ = {isa = PBXFileReference; fileEncoding = 4; lastKnownFileType = sourcecode.c.h; name = Suites.h; path = Source/Suites.h; sourceTree = "<group>"; };
/* End PBXFileReference section */

/* Begin PBXFrameworksBuildPhase section */
		508817D209F0C9AD0071BF1A /* Frameworks */ = {
			isa = PBXFrameworksBuildPhase;
			buildActionMask = 2147483647;
			files = (
				6EE2BA9D0A41E04500CC7CE2 /* Carbon.framework in Frameworks */,
			);
			runOnlyForDeploymentPostprocessing = 0;
		};
/* End PBXFrameworksBuildPhase section */

/* Begin PBXGroup section */
		2A7772AA0BE6387700A9D493 /* Shared */ = {
			isa = PBXGroup;
			children = (
				DC81B6D7116A526400682C66 /* IAIFilePath.cpp */,
				DC979EE5112D9E670088568F /* IThrowException.cpp */,
				DC979EBC112D9E3B0088568F /* IText.cpp */,
				DCF1A7FB0FBDF044008E626C /* SDKAboutPluginsHelper.cpp */,
				DCF1A7C60FBDEF83008E626C /* shellMain.cpp */,
				DCF1A8030FBDF094008E626C /* IAIUnicodeString.cpp */,
				DCF1A7FF0FBDF062008E626C /* About.cpp */,
				DCF1A7FD0FBDF05E008E626C /* reportError.cpp */,
				DCF1A8010FBDF06C008E626C /* stringUtils.cpp */,
				2A7772AD0BE6389300A9D493 /* IllustratorSDK.cpp */,
			);
			name = Shared;
			sourceTree = "<group>";
		};
		2AE97C910BBC0FAB0041212F /* Sources */ = {
			isa = PBXGroup;
			children = (
				DC06ACE510AC88EC00B6F9B3 /* ColorFuncs.h */,
				DC06ACE610AC88EC00B6F9B3 /* ColorFuncs.cpp */,
				DC69B6580FF00FAC0065D79E /* adjustColor.cpp */,
				DCF1A8210FBDF1FC008E626C /* SnippetRunnerParameter.h */,
				DCF1A81F0FBDF1AF008E626C /* ADMNonModalDialogID.h */,
				2A7772AA0BE6387700A9D493 /* Shared */,
				2AE97DE00BBC21630041212F /* FindReplaceGraphics.cpp */,
				DC93C8AB0FC32D03003DE0C7 /* FindReplaceGraphics.h */,
				DC81B6D3116A526000682C66 /* PrefPathCheck.h */,
				DC81B6D4116A526000682C66 /* PrefPathCheck.cpp */,
				DC7E146D10D2D45F001C6168 /* populateDialog.h */,
				DC7E146E10D2D45F001C6168 /* populateDialog.cpp */,
				DCF1A8230FBDF213008E626C /* Common.h */,
				DCF1A7810FBDEA23008E626C /* menuHandler.cpp */,
				DCF1A76D0FBDE84B008E626C /* notifierHandler.cpp */,
				DC3479100FBCA84C0098524C /* pluginHandler.cpp */,
				DCF1A8250FBDF229008E626C /* Suites.h */,
			);
			name = Sources;
			sourceTree = "<group>";
		};
		508817C209F0C9740071BF1A = {
			isa = PBXGroup;
			children = (
				2AE97C910BBC0FAB0041212F /* Sources */,
				5088180609F0CDD00071BF1A /* Libraries */,
				6EE2BA590A40BDD300CC7CE2 /* Resources */,
				508817D509F0C9AD0071BF1A /* Products */,
			);
			sourceTree = "<group>";
		};
		508817D509F0C9AD0071BF1A /* Products */ = {
			isa = PBXGroup;
			children = (
				6EE2BA530A40BB2600CC7CE2 /* FindReplaceGraphics.aip */,
			);
			name = Products;
			sourceTree = "<group>";
		};
		5088180609F0CDD00071BF1A /* Libraries */ = {
			isa = PBXGroup;
			children = (
				6EE2BA9B0A41E04500CC7CE2 /* Carbon.framework */,
			);
			name = Libraries;
			sourceTree = "<group>";
		};
		6EE2BA590A40BDD300CC7CE2 /* Resources */ = {
			isa = PBXGroup;
			children = (
				6E0C51960A8B6CC600C9A14A /* Info.plist */,
				2AE97DE20BBC218A0041212F /* FindReplaceGraphics.r */,
			);
			name = Resources;
			sourceTree = "<group>";
		};
/* End PBXGroup section */

/* Begin PBXHeadersBuildPhase section */
		6EE2BA0A0A40B76300CC7CE2 /* Headers */ = {
			isa = PBXHeadersBuildPhase;
			buildActionMask = 2147483647;
			files = (
				DCF1A8200FBDF1AF008E626C /* ADMNonModalDialogID.h in Headers */,
				DCF1A8220FBDF1FC008E626C /* SnippetRunnerParameter.h in Headers */,
				DCF1A8240FBDF213008E626C /* Common.h in Headers */,
				DCF1A8260FBDF229008E626C /* Suites.h in Headers */,
				DC93C8AC0FC32D03003DE0C7 /* FindReplaceGraphics.h in Headers */,
				DC06ACE710AC88EC00B6F9B3 /* ColorFuncs.h in Headers */,
				DC7E146F10D2D45F001C6168 /* populateDialog.h in Headers */,
				DC81B6D5116A526000682C66 /* PrefPathCheck.h in Headers */,
			);
			runOnlyForDeploymentPostprocessing = 0;
		};
/* End PBXHeadersBuildPhase section */

/* Begin PBXNativeTarget section */
		508817D309F0C9AD0071BF1A /* FindReplaceGraphics */ = {
			isa = PBXNativeTarget;
			buildConfigurationList = 508817D709F0C9AE0071BF1A /* Build configuration list for PBXNativeTarget "FindReplaceGraphics" */;
			buildPhases = (
				6EE2BA0A0A40B76300CC7CE2 /* Headers */,
				508817D109F0C9AD0071BF1A /* Sources */,
				508817D009F0C9AD0071BF1A /* Resources */,
				508817D209F0C9AD0071BF1A /* Frameworks */,
				6EE2BA0C0A40B77400CC7CE2 /* Rez */,
			);
			buildRules = (
			);
			dependencies = (
			);
			name = FindReplaceGraphics;
			productName = FindReplaceGraphics;
			productReference = 6EE2BA530A40BB2600CC7CE2 /* FindReplaceGraphics.aip */;
			productType = "com.apple.product-type.bundle";
		};
/* End PBXNativeTarget section */

/* Begin PBXProject section */
		508817C409F0C9740071BF1A /* Project object */ = {
			isa = PBXProject;
			buildConfigurationList = 508817C509F0C9740071BF1A /* Build configuration list for PBXProject "FindReplaceGraphics" */;
			compatibilityVersion = "Xcode 2.4";
			hasScannedForEncodings = 0;
			mainGroup = 508817C209F0C9740071BF1A;
			productRefGroup = 508817D509F0C9AD0071BF1A /* Products */;
			projectDirPath = "";
			projectRoot = "";
			targets = (
				508817D309F0C9AD0071BF1A /* FindReplaceGraphics */,
			);
		};
/* End PBXProject section */

/* Begin PBXResourcesBuildPhase section */
		508817D009F0C9AD0071BF1A /* Resources */ = {
			isa = PBXResourcesBuildPhase;
			buildActionMask = 2147483647;
			files = (
			);
			runOnlyForDeploymentPostprocessing = 0;
		};
/* End PBXResourcesBuildPhase section */

/* Begin PBXRezBuildPhase section */
		6EE2BA0C0A40B77400CC7CE2 /* Rez */ = {
			isa = PBXRezBuildPhase;
			buildActionMask = 2147483647;
			files = (
				2AE97DE30BBC218A0041212F /* FindReplaceGraphics.r in Rez */,
			);
			runOnlyForDeploymentPostprocessing = 0;
		};
/* End PBXRezBuildPhase section */

/* Begin PBXSourcesBuildPhase section */
		508817D109F0C9AD0071BF1A /* Sources */ = {
			isa = PBXSourcesBuildPhase;
			buildActionMask = 2147483647;
			files = (
				2AE97DE10BBC21630041212F /* FindReplaceGraphics.cpp in Sources */,
				2A7772AE0BE6389300A9D493 /* IllustratorSDK.cpp in Sources */,
				DC3479110FBCA84C0098524C /* pluginHandler.cpp in Sources */,
				DCF1A76E0FBDE84B008E626C /* notifierHandler.cpp in Sources */,
				DCF1A7820FBDEA23008E626C /* menuHandler.cpp in Sources */,
				DCF1A7C70FBDEF83008E626C /* shellMain.cpp in Sources */,
				DCF1A7FC0FBDF044008E626C /* SDKAboutPluginsHelper.cpp in Sources */,
				DCF1A7FE0FBDF05E008E626C /* reportError.cpp in Sources */,
				DCF1A8000FBDF062008E626C /* About.cpp in Sources */,
				DCF1A8020FBDF06C008E626C /* stringUtils.cpp in Sources */,
				DCF1A8040FBDF094008E626C /* IAIUnicodeString.cpp in Sources */,
				DC69B6590FF00FAC0065D79E /* adjustColor.cpp in Sources */,
				DC06ACE810AC88EC00B6F9B3 /* ColorFuncs.cpp in Sources */,
				DC7E147010D2D45F001C6168 /* populateDialog.cpp in Sources */,
				DC979EBD112D9E3B0088568F /* IText.cpp in Sources */,
				DC979EE6112D9E670088568F /* IThrowException.cpp in Sources */,
				DC81B6D6116A526000682C66 /* PrefPathCheck.cpp in Sources */,
				DC81B6D8116A526400682C66 /* IAIFilePath.cpp in Sources */,
			);
			runOnlyForDeploymentPostprocessing = 0;
		};
/* End PBXSourcesBuildPhase section */

/* Begin XCBuildConfiguration section */
		508817C609F0C9740071BF1A /* Debug */ = {
			isa = XCBuildConfiguration;
			buildSettings = {
				AI_CONFIGURATION = debug;
				AI_LOCALE = en_US;
				AI_PLATFORM = xcode;
				ALWAYS_SEARCH_USER_PATHS = NO;
				ARCHS = (
					ppc,
					i386,
				);
				CONFIGURATION_BUILD_DIR = "./../Output/Mac/$(AI_CONFIGURATION)";
				CONFIGURATION_TEMP_DIR = "$(PROJECT_TEMP_DIR)/Default";
				COPY_PHASE_STRIP = YES;
				DEAD_CODE_STRIPPING = YES;
				DEBUG_INFORMATION_FORMAT = dwarf;
				DSTROOT = "/tmp/$(PROJECT_NAME).dst";
				EXPORTED_SYMBOLS_FILE = "";
				FRAMEWORK_SEARCH_PATHS = "$(FRAMEWORK_SEARCH_PATHS_QUOTED_1)";
				GCC_DEBUGGING_SYMBOLS = used;
				GCC_INCREASE_PRECOMPILED_HEADER_SHARING = YES;
				GCC_INPUT_FILETYPE = sourcecode.cpp.cpp;
				GCC_OPTIMIZATION_LEVEL = 0;
				GCC_PRECOMPILE_PREFIX_HEADER = YES;
				GCC_PREFIX_HEADER = ./../common/includes/IllustratorSDKdebug.pch;
				GCC_SYMBOLS_PRIVATE_EXTERN = YES;
				GCC_WARN_ABOUT_MISSING_PROTOTYPES = YES;
				GCC_WARN_UNKNOWN_PRAGMAS = YES;
				GCC_WARN_UNUSED_VARIABLE = YES;
				GENERATE_PKGINFO_FILE = YES;
				HEADER_SEARCH_PATHS = (
					"./../../illustratorapi/**",
					"/Developer/Headers/FlatCarbon/**",
					"./**",
					"./../common/**",
				);
				INFOPLIST_FILE = ../common/mac/Info.plist;
				INFOPLIST_PREFIX_HEADER = ../common/includes/SDKDef.h;
				INFOPLIST_PREPROCESS = YES;
				LIBRARY_SEARCH_PATHS = "";
				MACOSX_DEPLOYMENT_TARGET = 10.4;
				OBJROOT = .;
				ONLY_LINK_ESSENTIAL_SYMBOLS = YES;
				OTHER_LDFLAGS = "";
				PREBINDING = NO;
				PRECOMPS_INCLUDE_HEADERS_FROM_BUILT_PRODUCTS_DIR = NO;
				PRESERVE_DEAD_CODE_INITS_AND_TERMS = NO;
				PRODUCT_NAME = FindReplaceGraphics;
				PROJECTNAME = FindReplaceGraphics;
				REZ_SEARCH_PATHS = "";
				SCAN_ALL_SOURCE_FILES_FOR_INCLUDES = YES;
				SDKROOT = /Developer/SDKs/MacOSX10.4u.sdk;
				SEPARATE_STRIP = NO;
				SHARED_PRECOMPS_DIR = "./../Output/Mac/SharedPrecompiledHeaders/$(AI_CONFIGURATION)";
				SKIP_INSTALL = NO;
				STRIP_INSTALLED_PRODUCT = YES;
				STRIP_STYLE = all;
				SYMROOT = "./../Output/Mac/$(AI_CONFIGURATION)";
				WRAPPER_EXTENSION = aip;
				ZERO_LINK = NO;
			};
			name = Debug;
		};
		508817C709F0C9740071BF1A /* Release */ = {
			isa = XCBuildConfiguration;
			buildSettings = {
				AI_CONFIGURATION = release;
				AI_LOCALE = en_US;
				AI_PLATFORM = xcode;
				ALWAYS_SEARCH_USER_PATHS = NO;
				ARCHS = (
					ppc,
					i386,
				);
				CONFIGURATION_BUILD_DIR = "./../Output/Mac/$(AI_CONFIGURATION)";
				CONFIGURATION_TEMP_DIR = "$(PROJECT_TEMP_DIR)/Default";
				COPY_PHASE_STRIP = YES;
				DEAD_CODE_STRIPPING = YES;
				DEBUG_INFORMATION_FORMAT = dwarf;
				DSTROOT = "/tmp/$(PROJECT_NAME).dst";
				EXPORTED_SYMBOLS_FILE = "";
				FRAMEWORK_SEARCH_PATHS = "$(FRAMEWORK_SEARCH_PATHS_QUOTED_1)";
				GCC_DEBUGGING_SYMBOLS = used;
				GCC_INCREASE_PRECOMPILED_HEADER_SHARING = YES;
				GCC_INPUT_FILETYPE = sourcecode.cpp.cpp;
				GCC_OPTIMIZATION_LEVEL = 3;
				GCC_PRECOMPILE_PREFIX_HEADER = YES;
				GCC_PREFIX_HEADER = ./../common/includes/IllustratorSDKrelease.pch;
				GCC_SYMBOLS_PRIVATE_EXTERN = YES;
				GCC_WARN_ABOUT_MISSING_PROTOTYPES = YES;
				GCC_WARN_UNKNOWN_PRAGMAS = YES;
				GCC_WARN_UNUSED_VARIABLE = YES;
				GENERATE_PKGINFO_FILE = YES;
				HEADER_SEARCH_PATHS = (
					"./../../illustratorapi/**",
					"/Developer/Headers/FlatCarbon/**",
					"./**",
					"./../common/**",
				);
				INFOPLIST_FILE = ../common/mac/Info.plist;
				INFOPLIST_PREFIX_HEADER = ../common/includes/SDKDef.h;
				INFOPLIST_PREPROCESS = YES;
				LIBRARY_SEARCH_PATHS = "";
				MACOSX_DEPLOYMENT_TARGET = 10.4;
				OBJROOT = .;
				ONLY_LINK_ESSENTIAL_SYMBOLS = YES;
				OTHER_LDFLAGS = "";
				PREBINDING = NO;
				PRECOMPS_INCLUDE_HEADERS_FROM_BUILT_PRODUCTS_DIR = NO;
				PRESERVE_DEAD_CODE_INITS_AND_TERMS = NO;
				PRODUCT_NAME = FindReplaceGraphics;
				PROJECTNAME = FindReplaceGraphics;
				REZ_SEARCH_PATHS = "";
				SCAN_ALL_SOURCE_FILES_FOR_INCLUDES = YES;
				SDKROOT = /Developer/SDKs/MacOSX10.4u.sdk;
				SEPARATE_STRIP = NO;
				SHARED_PRECOMPS_DIR = "./../Output/Mac/SharedPrecompiledHeaders/$(AI_CONFIGURATION)";
				SKIP_INSTALL = NO;
				STRIP_INSTALLED_PRODUCT = YES;
				STRIP_STYLE = all;
				SYMROOT = "./../Output/Mac/$(AI_CONFIGURATION)";
				WRAPPER_EXTENSION = aip;
				ZERO_LINK = NO;
			};
			name = Release;
		};
		508817D809F0C9AE0071BF1A /* Debug */ = {
			isa = XCBuildConfiguration;
			buildSettings = {
				EXCLUDED_RECURSIVE_SEARCH_PATH_SUBDIRECTORIES = "*.nib *.lproj *.framework *.gch (*) CVS .svn *.xcodeproj *.xcode *.pbproj *.pbxproj";
				HEADER_SEARCH_PATHS = (
					"./../../illustratorapi/**",
					"/Developer/Headers/FlatCarbon/**",
					"./**",
					"./../common/**",
				);
			};
			name = Debug;
		};
		508817D909F0C9AE0071BF1A /* Release */ = {
			isa = XCBuildConfiguration;
			buildSettings = {
				EXCLUDED_RECURSIVE_SEARCH_PATH_SUBDIRECTORIES = "*.nib *.lproj *.framework *.gch (*) CVS .svn *.xcodeproj *.xcode *.pbproj *.pbxproj";
				HEADER_SEARCH_PATHS = (
					"./../../illustratorapi/**",
					"/Developer/Headers/FlatCarbon/**",
					"./**",
					"./../common/**",
				);
			};
			name = Release;
		};
/* End XCBuildConfiguration section */

/* Begin XCConfigurationList section */
		508817C509F0C9740071BF1A /* Build configuration list for PBXProject "FindReplaceGraphics" */ = {
			isa = XCConfigurationList;
			buildConfigurations = (
				508817C609F0C9740071BF1A /* Debug */,
				508817C709F0C9740071BF1A /* Release */,
			);
			defaultConfigurationIsVisible = 0;
			defaultConfigurationName = Debug;
		};
		508817D709F0C9AE0071BF1A /* Build configuration list for PBXNativeTarget "FindReplaceGraphics" */ = {
			isa = XCConfigurationList;
			buildConfigurations = (
				508817D809F0C9AE0071BF1A /* Debug */,
				508817D909F0C9AE0071BF1A /* Release */,
			);
			defaultConfigurationIsVisible = 0;
			defaultConfigurationName = Debug;
		};
/* End XCConfigurationList section */
	};
	rootObject = 508817C409F0C9740071BF1A /* Project object */;
}
