// !$*UTF8*$!
{
	archiveVersion = 1;
	classes = {
	};
	objectVersion = 42;
	objects = {

/* Begin PBXBuildFile section */
		2A7B29CF0B676052007BC262 /* Resource.h in Headers */ = {isa = PBXBuildFile; fileRef = 2A7B29CE0B676052007BC262 /* Resource.h */; };
		2A7B2C3F0B68C461007BC262 /* Icons.r in Rez */ = {isa = PBXBuildFile; fileRef = 2A7B2C3E0B68C461007BC262 /* Icons.r */; };
		2ADF02DD0B95D72E00AB7C0F /* IAIUnicodeString.cpp in Sources */ = {isa = PBXBuildFile; fileRef = 2ADF02DC0B95D72E00AB7C0F /* IAIUnicodeString.cpp */; };
		6E0C4FF40A8A4C8D00C9A14A /* about.rsrc in Rez */ = {isa = PBXBuildFile; fileRef = 6E0C4FF30A8A4C8D00C9A14A /* about.rsrc */; };
		6E9997AF0A536A7200D69A4A /* admHandler.cpp in Sources */ = {isa = PBXBuildFile; fileRef = 6E9997A90A536A7200D69A4A /* admHandler.cpp */; };
		6E9997B00A536A7200D69A4A /* Common.h in Headers */ = {isa = PBXBuildFile; fileRef = 6E9997AA0A536A7200D69A4A /* Common.h */; };
		6E9997B10A536A7200D69A4A /* menuHandler.cpp in Sources */ = {isa = PBXBuildFile; fileRef = 6E9997AB0A536A7200D69A4A /* menuHandler.cpp */; };
		6E9997B20A536A7200D69A4A /* notifierHandler.cpp in Sources */ = {isa = PBXBuildFile; fileRef = 6E9997AC0A536A7200D69A4A /* notifierHandler.cpp */; };
		6E9997B30A536A7200D69A4A /* pluginHandler.cpp in Sources */ = {isa = PBXBuildFile; fileRef = 6E9997AD0A536A7200D69A4A /* pluginHandler.cpp */; };
		6E9997B40A536A7200D69A4A /* Suites.h in Headers */ = {isa = PBXBuildFile; fileRef = 6E9997AE0A536A7200D69A4A /* Suites.h */; };
		6E9997BF0A536AAB00D69A4A /* About.cpp in Sources */ = {isa = PBXBuildFile; fileRef = 6E9997BB0A536AAB00D69A4A /* About.cpp */; };
		6E9997C00A536AAB00D69A4A /* reportError.cpp in Sources */ = {isa = PBXBuildFile; fileRef = 6E9997BC0A536AAB00D69A4A /* reportError.cpp */; };
		6E9997C20A536AAB00D69A4A /* stringUtils.cpp in Sources */ = {isa = PBXBuildFile; fileRef = 6E9997BE0A536AAB00D69A4A /* stringUtils.cpp */; };
		6E9997CA0A536AE100D69A4A /* adm.rsrc in Rez */ = {isa = PBXBuildFile; fileRef = 6E9997C80A536AE100D69A4A /* adm.rsrc */; };
		6EE2BA9D0A41E04500CC7CE2 /* Carbon.framework in Frameworks */ = {isa = PBXBuildFile; fileRef = 6EE2BA9B0A41E04500CC7CE2 /* Carbon.framework */; };
		F938CA510B8B47B10039754D /* ADMNonModalDialog.r in Rez */ = {isa = PBXBuildFile; fileRef = F938CA500B8B47B10039754D /* ADMNonModalDialog.r */; };
		F97105A20B9DB4BA005AD480 /* shellMain.cpp in Sources */ = {isa = PBXBuildFile; fileRef = F97105A10B9DB4BA005AD480 /* shellMain.cpp */; };
		F9C02C200BA6EA3E0039151A /* SDKAboutPluginsHelper.cpp in Sources */ = {isa = PBXBuildFile; fileRef = F9C02C1F0BA6EA3E0039151A /* SDKAboutPluginsHelper.cpp */; };
/* End PBXBuildFile section */

/* Begin PBXBuildRule section */
		2A7B29ED0B676831007BC262 /* PBXBuildRule */ = {
			isa = PBXBuildRule;
			compilerSpec = com.apple.compilers.proxy.script;
			filePatterns = "*.rc";
			fileType = pattern.proxy;
			isEditable = 1;
			outputFiles = (
				"$(DERIVED_FILES_DIR)/$(INPUT_FILE_BASE).r",
			);
			script = "/usr/bin/python RcIncluder.py";
		};
/* End PBXBuildRule section */

/* Begin PBXFileReference section */
		2A7B29CE0B676052007BC262 /* Resource.h */ = {isa = PBXFileReference; fileEncoding = 30; lastKnownFileType = sourcecode.c.h; name = Resource.h; path = Resources/Resource.h; sourceTree = "<group>"; };
		2A7B2C3E0B68C461007BC262 /* Icons.r */ = {isa = PBXFileReference; fileEncoding = 30; lastKnownFileType = sourcecode.rez; name = Icons.r; path = Resources/Icons.r; sourceTree = "<group>"; };
		2ADF02DC0B95D72E00AB7C0F /* IAIUnicodeString.cpp */ = {isa = PBXFileReference; fileEncoding = 30; lastKnownFileType = sourcecode.cpp.cpp; name = IAIUnicodeString.cpp; path = ../../illustratorapi/illustrator/IAIUnicodeString.cpp; sourceTree = SOURCE_ROOT; };
		6E0C4FF30A8A4C8D00C9A14A /* about.rsrc */ = {isa = PBXFileReference; lastKnownFileType = archive.rsrc; name = about.rsrc; path = ../common/mac/about.rsrc; sourceTree = SOURCE_ROOT; };
		6E0C51E00A8B700900C9A14A /* Info.plist */ = {isa = PBXFileReference; fileEncoding = 30; lastKnownFileType = text.xml; name = Info.plist; path = ../common/mac/Info.plist; sourceTree = SOURCE_ROOT; };
		6E9997A90A536A7200D69A4A /* admHandler.cpp */ = {isa = PBXFileReference; fileEncoding = 30; lastKnownFileType = sourcecode.cpp.cpp; name = admHandler.cpp; path = Source/admHandler.cpp; sourceTree = "<group>"; };
		6E9997AA0A536A7200D69A4A /* Common.h */ = {isa = PBXFileReference; fileEncoding = 30; lastKnownFileType = sourcecode.c.h; name = Common.h; path = Source/Common.h; sourceTree = "<group>"; };
		6E9997AB0A536A7200D69A4A /* menuHandler.cpp */ = {isa = PBXFileReference; fileEncoding = 30; lastKnownFileType = sourcecode.cpp.cpp; name = menuHandler.cpp; path = Source/menuHandler.cpp; sourceTree = "<group>"; };
		6E9997AC0A536A7200D69A4A /* notifierHandler.cpp */ = {isa = PBXFileReference; fileEncoding = 30; lastKnownFileType = sourcecode.cpp.cpp; name = notifierHandler.cpp; path = Source/notifierHandler.cpp; sourceTree = "<group>"; };
		6E9997AD0A536A7200D69A4A /* pluginHandler.cpp */ = {isa = PBXFileReference; fileEncoding = 30; lastKnownFileType = sourcecode.cpp.cpp; name = pluginHandler.cpp; path = Source/pluginHandler.cpp; sourceTree = "<group>"; };
		6E9997AE0A536A7200D69A4A /* Suites.h */ = {isa = PBXFileReference; fileEncoding = 30; lastKnownFileType = sourcecode.c.h; name = Suites.h; path = Source/Suites.h; sourceTree = "<group>"; };
		6E9997BB0A536AAB00D69A4A /* About.cpp */ = {isa = PBXFileReference; fileEncoding = 30; lastKnownFileType = sourcecode.cpp.cpp; name = About.cpp; path = ../common/source/About.cpp; sourceTree = SOURCE_ROOT; };
		6E9997BC0A536AAB00D69A4A /* reportError.cpp */ = {isa = PBXFileReference; fileEncoding = 30; lastKnownFileType = sourcecode.cpp.cpp; name = reportError.cpp; path = ../common/source/reportError.cpp; sourceTree = SOURCE_ROOT; };
		6E9997BE0A536AAB00D69A4A /* stringUtils.cpp */ = {isa = PBXFileReference; fileEncoding = 30; lastKnownFileType = sourcecode.cpp.cpp; name = stringUtils.cpp; path = ../common/source/stringUtils.cpp; sourceTree = SOURCE_ROOT; };
		6E9997C80A536AE100D69A4A /* adm.rsrc */ = {isa = PBXFileReference; lastKnownFileType = archive.rsrc; name = adm.rsrc; path = Resources/adm.rsrc; sourceTree = "<group>"; };
		6EE2BA530A40BB2600CC7CE2 /* ADMNonModalDialog.aip */ = {isa = PBXFileReference; explicitFileType = wrapper.cfbundle; includeInIndex = 0; path = ADMNonModalDialog.aip; sourceTree = BUILT_PRODUCTS_DIR; };
		6EE2BA9B0A41E04500CC7CE2 /* Carbon.framework */ = {isa = PBXFileReference; lastKnownFileType = wrapper.framework; name = Carbon.framework; path = /System/Library/Frameworks/Carbon.framework; sourceTree = "<absolute>"; };
		F938CA500B8B47B10039754D /* ADMNonModalDialog.r */ = {isa = PBXFileReference; fileEncoding = 30; lastKnownFileType = sourcecode.rez; name = ADMNonModalDialog.r; path = Resources/ADMNonModalDialog.r; sourceTree = "<group>"; };
		F97105A10B9DB4BA005AD480 /* shellMain.cpp */ = {isa = PBXFileReference; fileEncoding = 30; lastKnownFileType = sourcecode.cpp.cpp; name = shellMain.cpp; path = ../common/source/shellMain.cpp; sourceTree = SOURCE_ROOT; };
		F9C02C1F0BA6EA3E0039151A /* SDKAboutPluginsHelper.cpp */ = {isa = PBXFileReference; fileEncoding = 30; lastKnownFileType = sourcecode.cpp.cpp; name = SDKAboutPluginsHelper.cpp; path = ../common/source/SDKAboutPluginsHelper.cpp; sourceTree = SOURCE_ROOT; };
/* End PBXFileReference section */

/* Begin PBXFrameworksBuildPhase section */
		508817D209F0C9AD0071BF1A /* Frameworks */ = {
			isa = PBXFrameworksBuildPhase;
			buildActionMask = 2147483647;
			files = (
				6EE2BA9D0A41E04500CC7CE2 /* Carbon.framework in Frameworks */,
			);
			runOnlyForDeploymentPostprocessing = 0;
		};
/* End PBXFrameworksBuildPhase section */

/* Begin PBXGroup section */
		508817C209F0C9740071BF1A = {
			isa = PBXGroup;
			children = (
				508817F509F0CAB50071BF1A /* Sources */,
				5088180609F0CDD00071BF1A /* Libraries */,
				6EE2BA590A40BDD300CC7CE2 /* Resources */,
				508817D509F0C9AD0071BF1A /* Products */,
			);
			sourceTree = "<group>";
		};
		508817D509F0C9AD0071BF1A /* Products */ = {
			isa = PBXGroup;
			children = (
				6EE2BA530A40BB2600CC7CE2 /* ADMNonModalDialog.aip */,
			);
			name = Products;
			sourceTree = "<group>";
		};
		508817F509F0CAB50071BF1A /* Sources */ = {
			isa = PBXGroup;
			children = (
				F9C02C1C0BA6EA2D0039151A /* Shared */,
				6E9997A90A536A7200D69A4A /* admHandler.cpp */,
				6E9997AA0A536A7200D69A4A /* Common.h */,
				6E9997AB0A536A7200D69A4A /* menuHandler.cpp */,
				6E9997AC0A536A7200D69A4A /* notifierHandler.cpp */,
				6E9997AD0A536A7200D69A4A /* pluginHandler.cpp */,
				6E9997AE0A536A7200D69A4A /* Suites.h */,
			);
			name = Sources;
			sourceTree = "<group>";
		};
		5088180609F0CDD00071BF1A /* Libraries */ = {
			isa = PBXGroup;
			children = (
				6EE2BA9B0A41E04500CC7CE2 /* Carbon.framework */,
			);
			name = Libraries;
			sourceTree = "<group>";
		};
		6EE2BA590A40BDD300CC7CE2 /* Resources */ = {
			isa = PBXGroup;
			children = (
				F938CA500B8B47B10039754D /* ADMNonModalDialog.r */,
				2A7B2C3E0B68C461007BC262 /* Icons.r */,
				2A7B29CE0B676052007BC262 /* Resource.h */,
				6E0C51E00A8B700900C9A14A /* Info.plist */,
				6E0C4FF30A8A4C8D00C9A14A /* about.rsrc */,
				6E9997C80A536AE100D69A4A /* adm.rsrc */,
			);
			name = Resources;
			sourceTree = "<group>";
		};
		F9C02C1C0BA6EA2D0039151A /* Shared */ = {
			isa = PBXGroup;
			children = (
				F9C02C1F0BA6EA3E0039151A /* SDKAboutPluginsHelper.cpp */,
				F97105A10B9DB4BA005AD480 /* shellMain.cpp */,
				2ADF02DC0B95D72E00AB7C0F /* IAIUnicodeString.cpp */,
				6E9997BB0A536AAB00D69A4A /* About.cpp */,
				6E9997BC0A536AAB00D69A4A /* reportError.cpp */,
				6E9997BE0A536AAB00D69A4A /* stringUtils.cpp */,
			);
			name = Shared;
			sourceTree = "<group>";
		};
/* End PBXGroup section */

/* Begin PBXHeadersBuildPhase section */
		6EE2BA0A0A40B76300CC7CE2 /* Headers */ = {
			isa = PBXHeadersBuildPhase;
			buildActionMask = 2147483647;
			files = (
				6E9997B00A536A7200D69A4A /* Common.h in Headers */,
				6E9997B40A536A7200D69A4A /* Suites.h in Headers */,
				2A7B29CF0B676052007BC262 /* Resource.h in Headers */,
			);
			runOnlyForDeploymentPostprocessing = 0;
		};
/* End PBXHeadersBuildPhase section */

/* Begin PBXNativeTarget section */
		508817D309F0C9AD0071BF1A /* ADMNonModalDialog */ = {
			isa = PBXNativeTarget;
			buildConfigurationList = 508817D709F0C9AE0071BF1A /* Build configuration list for PBXNativeTarget "ADMNonModalDialog" */;
			buildPhases = (
				6EE2BA0A0A40B76300CC7CE2 /* Headers */,
				508817D109F0C9AD0071BF1A /* Sources */,
				508817D009F0C9AD0071BF1A /* Resources */,
				508817D209F0C9AD0071BF1A /* Frameworks */,
				6EE2BA0C0A40B77400CC7CE2 /* Rez */,
			);
			buildRules = (
				2A7B29ED0B676831007BC262 /* PBXBuildRule */,
			);
			dependencies = (
			);
			name = ADMNonModalDialog;
			productName = ADMNonModalDialogProject;
			productReference = 6EE2BA530A40BB2600CC7CE2 /* ADMNonModalDialog.aip */;
			productType = "com.apple.product-type.bundle";
		};
/* End PBXNativeTarget section */

/* Begin PBXProject section */
		508817C409F0C9740071BF1A /* Project object */ = {
			isa = PBXProject;
			buildConfigurationList = 508817C509F0C9740071BF1A /* Build configuration list for PBXProject "ADMNonModalDialog" */;
			compatibilityVersion = "Xcode 2.4";
			hasScannedForEncodings = 0;
			mainGroup = 508817C209F0C9740071BF1A;
			productRefGroup = 508817D509F0C9AD0071BF1A /* Products */;
			projectDirPath = "";
			projectRoot = "";
			targets = (
				508817D309F0C9AD0071BF1A /* ADMNonModalDialog */,
			);
		};
/* End PBXProject section */

/* Begin PBXResourcesBuildPhase section */
		508817D009F0C9AD0071BF1A /* Resources */ = {
			isa = PBXResourcesBuildPhase;
			buildActionMask = 2147483647;
			files = (
			);
			runOnlyForDeploymentPostprocessing = 0;
		};
/* End PBXResourcesBuildPhase section */

/* Begin PBXRezBuildPhase section */
		6EE2BA0C0A40B77400CC7CE2 /* Rez */ = {
			isa = PBXRezBuildPhase;
			buildActionMask = 2147483647;
			files = (
				2A7B2C3F0B68C461007BC262 /* Icons.r in Rez */,
				6E9997CA0A536AE100D69A4A /* adm.rsrc in Rez */,
				6E0C4FF40A8A4C8D00C9A14A /* about.rsrc in Rez */,
				F938CA510B8B47B10039754D /* ADMNonModalDialog.r in Rez */,
			);
			runOnlyForDeploymentPostprocessing = 0;
		};
/* End PBXRezBuildPhase section */

/* Begin PBXSourcesBuildPhase section */
		508817D109F0C9AD0071BF1A /* Sources */ = {
			isa = PBXSourcesBuildPhase;
			buildActionMask = 2147483647;
			files = (
				6E9997AF0A536A7200D69A4A /* admHandler.cpp in Sources */,
				6E9997B10A536A7200D69A4A /* menuHandler.cpp in Sources */,
				6E9997B20A536A7200D69A4A /* notifierHandler.cpp in Sources */,
				6E9997B30A536A7200D69A4A /* pluginHandler.cpp in Sources */,
				6E9997BF0A536AAB00D69A4A /* About.cpp in Sources */,
				6E9997C00A536AAB00D69A4A /* reportError.cpp in Sources */,
				6E9997C20A536AAB00D69A4A /* stringUtils.cpp in Sources */,
				2ADF02DD0B95D72E00AB7C0F /* IAIUnicodeString.cpp in Sources */,
				F97105A20B9DB4BA005AD480 /* shellMain.cpp in Sources */,
				F9C02C200BA6EA3E0039151A /* SDKAboutPluginsHelper.cpp in Sources */,
			);
			runOnlyForDeploymentPostprocessing = 0;
		};
/* End PBXSourcesBuildPhase section */

/* Begin XCBuildConfiguration section */
		508817C609F0C9740071BF1A /* Debug */ = {
			isa = XCBuildConfiguration;
			buildSettings = {
				AI_CONFIGURATION = debug;
				AI_LOCALE = en_US;
				AI_PLATFORM = xcode;
				ALWAYS_SEARCH_USER_PATHS = NO;
				ARCHS = (
					ppc,
					i386,
				);
				CONFIGURATION_BUILD_DIR = "./../Output/Mac/$(AI_CONFIGURATION)";
				CONFIGURATION_TEMP_DIR = "$(PROJECT_TEMP_DIR)/Default";
				COPY_PHASE_STRIP = YES;
				DEAD_CODE_STRIPPING = YES;
				DEBUG_INFORMATION_FORMAT = dwarf;
				DSTROOT = "/tmp/$(PROJECT_NAME).dst";
				EXPORTED_SYMBOLS_FILE = "";
				FRAMEWORK_SEARCH_PATHS = "$(FRAMEWORK_SEARCH_PATHS_QUOTED_1)";
				GCC_DEBUGGING_SYMBOLS = used;
				GCC_INCREASE_PRECOMPILED_HEADER_SHARING = YES;
				GCC_INPUT_FILETYPE = sourcecode.cpp.cpp;
				GCC_OPTIMIZATION_LEVEL = 0;
				GCC_PRECOMPILE_PREFIX_HEADER = YES;
				GCC_PREFIX_HEADER = "./../common/includes/IllustratorSDK$(AI_CONFIGURATION).pch";
				GCC_SYMBOLS_PRIVATE_EXTERN = YES;
				GCC_WARN_ABOUT_MISSING_PROTOTYPES = YES;
				GCC_WARN_UNKNOWN_PRAGMAS = YES;
				GCC_WARN_UNUSED_VARIABLE = YES;
				GENERATE_PKGINFO_FILE = YES;
				HEADER_SEARCH_PATHS = (
					"./../../illustratorapi/**",
					"/Developer/Headers/FlatCarbon/**",
					"./**",
					"./../common/**",
				);
				INFOPLIST_FILE = ../common/mac/Info.plist;
				INFOPLIST_PREFIX_HEADER = ../common/includes/SDKDef.h;
				INFOPLIST_PREPROCESS = YES;
				LIBRARY_SEARCH_PATHS = "";
				MACOSX_DEPLOYMENT_TARGET = 10.4;
				OBJROOT = .;
				ONLY_LINK_ESSENTIAL_SYMBOLS = YES;
				OTHER_LDFLAGS = "";
				PREBINDING = NO;
				PRECOMPS_INCLUDE_HEADERS_FROM_BUILT_PRODUCTS_DIR = NO;
				PRESERVE_DEAD_CODE_INITS_AND_TERMS = NO;
				PRODUCT_NAME = ADMNonModalDialog;
				PROJECTNAME = ADMNonModalDialog;
				REZ_SEARCH_PATHS = "";
				SCAN_ALL_SOURCE_FILES_FOR_INCLUDES = YES;
				SDKROOT = /Developer/SDKs/MacOSX10.4u.sdk;
				SEPARATE_STRIP = NO;
				SHARED_PRECOMPS_DIR = "./../Output/Mac/SharedPrecompiledHeaders/$(AI_CONFIGURATION)";
				SKIP_INSTALL = NO;
				STRIP_INSTALLED_PRODUCT = YES;
				STRIP_STYLE = all;
				SYMROOT = "./../Output/Mac/$(AI_CONFIGURATION)";
				WRAPPER_EXTENSION = aip;
				ZERO_LINK = NO;
			};
			name = Debug;
		};
		508817C709F0C9740071BF1A /* Release */ = {
			isa = XCBuildConfiguration;
			buildSettings = {
				AI_CONFIGURATION = release;
				AI_LOCALE = en_US;
				AI_PLATFORM = xcode;
				ALWAYS_SEARCH_USER_PATHS = NO;
				ARCHS = (
					ppc,
					i386,
				);
				CONFIGURATION_BUILD_DIR = "./../Output/Mac/$(AI_CONFIGURATION)";
				CONFIGURATION_TEMP_DIR = "$(PROJECT_TEMP_DIR)/Default";
				COPY_PHASE_STRIP = YES;
				DEAD_CODE_STRIPPING = YES;
				DEBUG_INFORMATION_FORMAT = dwarf;
				DSTROOT = "/tmp/$(PROJECT_NAME).dst";
				EXPORTED_SYMBOLS_FILE = "";
				FRAMEWORK_SEARCH_PATHS = "$(FRAMEWORK_SEARCH_PATHS_QUOTED_1)";
				GCC_DEBUGGING_SYMBOLS = used;
				GCC_INCREASE_PRECOMPILED_HEADER_SHARING = YES;
				GCC_INPUT_FILETYPE = sourcecode.cpp.cpp;
				GCC_OPTIMIZATION_LEVEL = 3;
				GCC_PRECOMPILE_PREFIX_HEADER = YES;
				GCC_PREFIX_HEADER = "./../common/includes/IllustratorSDK$(AI_CONFIGURATION).pch";
				GCC_SYMBOLS_PRIVATE_EXTERN = YES;
				GCC_WARN_ABOUT_MISSING_PROTOTYPES = YES;
				GCC_WARN_UNKNOWN_PRAGMAS = YES;
				GCC_WARN_UNUSED_VARIABLE = YES;
				GENERATE_PKGINFO_FILE = YES;
				HEADER_SEARCH_PATHS = (
					"./../../illustratorapi/**",
					"/Developer/Headers/FlatCarbon/**",
					"./**",
					"./../common/**",
				);
				INFOPLIST_FILE = ../common/mac/Info.plist;
				INFOPLIST_PREFIX_HEADER = ../common/includes/SDKDef.h;
				INFOPLIST_PREPROCESS = YES;
				LIBRARY_SEARCH_PATHS = "";
				MACOSX_DEPLOYMENT_TARGET = 10.4;
				OBJROOT = .;
				ONLY_LINK_ESSENTIAL_SYMBOLS = YES;
				OTHER_LDFLAGS = "";
				PREBINDING = NO;
				PRECOMPS_INCLUDE_HEADERS_FROM_BUILT_PRODUCTS_DIR = NO;
				PRESERVE_DEAD_CODE_INITS_AND_TERMS = NO;
				PRODUCT_NAME = ADMNonModalDialog;
				PROJECTNAME = ADMNonModalDialog;
				REZ_SEARCH_PATHS = "";
				SCAN_ALL_SOURCE_FILES_FOR_INCLUDES = YES;
				SDKROOT = /Developer/SDKs/MacOSX10.4u.sdk;
				SEPARATE_STRIP = NO;
				SHARED_PRECOMPS_DIR = "./../Output/Mac/SharedPrecompiledHeaders/$(AI_CONFIGURATION)";
				SKIP_INSTALL = NO;
				STRIP_INSTALLED_PRODUCT = YES;
				STRIP_STYLE = all;
				SYMROOT = "./../Output/Mac/$(AI_CONFIGURATION)";
				WRAPPER_EXTENSION = aip;
				ZERO_LINK = NO;
			};
			name = Release;
		};
		508817D809F0C9AE0071BF1A /* Debug */ = {
			isa = XCBuildConfiguration;
			buildSettings = {
			};
			name = Debug;
		};
		508817D909F0C9AE0071BF1A /* Release */ = {
			isa = XCBuildConfiguration;
			buildSettings = {
			};
			name = Release;
		};
/* End XCBuildConfiguration section */

/* Begin XCConfigurationList section */
		508817C509F0C9740071BF1A /* Build configuration list for PBXProject "ADMNonModalDialog" */ = {
			isa = XCConfigurationList;
			buildConfigurations = (
				508817C609F0C9740071BF1A /* Debug */,
				508817C709F0C9740071BF1A /* Release */,
			);
			defaultConfigurationIsVisible = 0;
			defaultConfigurationName = Debug;
		};
		508817D709F0C9AE0071BF1A /* Build configuration list for PBXNativeTarget "ADMNonModalDialog" */ = {
			isa = XCConfigurationList;
			buildConfigurations = (
				508817D809F0C9AE0071BF1A /* Debug */,
				508817D909F0C9AE0071BF1A /* Release */,
			);
			defaultConfigurationIsVisible = 0;
			defaultConfigurationName = Debug;
		};
/* End XCConfigurationList section */
	};
	rootObject = 508817C409F0C9740071BF1A /* Project object */;
}
